
Microsoft Visual Studio Solution File, Format Version 12.00
# Visual Studio Version 17
VisualStudioVersion = 17.0.31919.166
MinimumVisualStudioVersion = 10.0.40219.1
Project("{FAE04EC0-301F-11D3-BF4B-00C04F79EFBC}") = "prjSwitchCase", "prjSwitchCase\prjSwitchCase.csproj", "{2442E142-9487-4664-9811-38F4D6161C8E}"
EndProject
Global
	GlobalSection(SolutionConfigurationPlatforms) = preSolution
		Debug|Any CPU = Debug|Any CPU
		Release|Any CPU = Release|Any CPU
	EndGlobalSection
	GlobalSection(ProjectConfigurationPlatforms) = postSolution
		{2442E142-9487-4664-9811-38F4D6161C8E}.Debug|Any CPU.ActiveCfg = Debug|Any CPU
		{2442E142-9487-4664-9811-38F4D6161C8E}.Debug|Any CPU.Build.0 = Debug|Any CPU
		{2442E142-9487-4664-9811-38F4D6161C8E}.Release|Any CPU.ActiveCfg = Release|Any CPU
		{2442E142-9487-4664-9811-38F4D6161C8E}.Release|Any CPU.Build.0 = Release|Any CPU
	EndGlobalSection
	GlobalSection(SolutionProperties) = preSolution
		HideSolutionNode = FALSE
	EndGlobalSection
	GlobalSection(ExtensibilityGlobals) = postSolution
		SolutionGuid = {A0CAA556-6421-4FB4-97BD-24E09798C268}
	EndGlobalSection
EndGlobal
