
Microsoft Visual Studio Solution File, Format Version 12.00
# Visual Studio Version 17
VisualStudioVersion = 17.0.32014.148
MinimumVisualStudioVersion = 10.0.40219.1
Project("{FAE04EC0-301F-11D3-BF4B-00C04F79EFBC}") = "matrizRetangular", "matrizRetangular\matrizRetangular.csproj", "{134A0B36-95F3-4204-872B-3FFDCCB7BB6C}"
EndProject
Global
	GlobalSection(SolutionConfigurationPlatforms) = preSolution
		Debug|Any CPU = Debug|Any CPU
		Release|Any CPU = Release|Any CPU
	EndGlobalSection
	GlobalSection(ProjectConfigurationPlatforms) = postSolution
		{134A0B36-95F3-4204-872B-3FFDCCB7BB6C}.Debug|Any CPU.ActiveCfg = Debug|Any CPU
		{134A0B36-95F3-4204-872B-3FFDCCB7BB6C}.Debug|Any CPU.Build.0 = Debug|Any CPU
		{134A0B36-95F3-4204-872B-3FFDCCB7BB6C}.Release|Any CPU.ActiveCfg = Release|Any CPU
		{134A0B36-95F3-4204-872B-3FFDCCB7BB6C}.Release|Any CPU.Build.0 = Release|Any CPU
	EndGlobalSection
	GlobalSection(SolutionProperties) = preSolution
		HideSolutionNode = FALSE
	EndGlobalSection
	GlobalSection(ExtensibilityGlobals) = postSolution
		SolutionGuid = {BCD50E72-1BC3-47E9-B7CD-14DF8C17DE36}
	EndGlobalSection
EndGlobal
