
Microsoft Visual Studio Solution File, Format Version 12.00
# Visual Studio Version 17
VisualStudioVersion = 17.0.32002.185
MinimumVisualStudioVersion = 10.0.40219.1
Project("{FAE04EC0-301F-11D3-BF4B-00C04F79EFBC}") = "calculadoraEscolar", "calculadoraEscolar\calculadoraEscolar.csproj", "{18D1786A-99CA-4686-BB18-DCC5305ECCFF}"
EndProject
Global
	GlobalSection(SolutionConfigurationPlatforms) = preSolution
		Debug|Any CPU = Debug|Any CPU
		Release|Any CPU = Release|Any CPU
	EndGlobalSection
	GlobalSection(ProjectConfigurationPlatforms) = postSolution
		{18D1786A-99CA-4686-BB18-DCC5305ECCFF}.Debug|Any CPU.ActiveCfg = Debug|Any CPU
		{18D1786A-99CA-4686-BB18-DCC5305ECCFF}.Debug|Any CPU.Build.0 = Debug|Any CPU
		{18D1786A-99CA-4686-BB18-DCC5305ECCFF}.Release|Any CPU.ActiveCfg = Release|Any CPU
		{18D1786A-99CA-4686-BB18-DCC5305ECCFF}.Release|Any CPU.Build.0 = Release|Any CPU
	EndGlobalSection
	GlobalSection(SolutionProperties) = preSolution
		HideSolutionNode = FALSE
	EndGlobalSection
	GlobalSection(ExtensibilityGlobals) = postSolution
		SolutionGuid = {3145CA92-50D1-49B5-9BEB-D8211C8E4D06}
	EndGlobalSection
EndGlobal
