
Microsoft Visual Studio Solution File, Format Version 12.00
# Visual Studio Version 17
VisualStudioVersion = 17.0.32014.148
MinimumVisualStudioVersion = 10.0.40219.1
Project("{FAE04EC0-301F-11D3-BF4B-00C04F79EFBC}") = "aulaVetores2", "aulaVetores2\aulaVetores2.csproj", "{2369F62B-761E-4A39-ADBC-4D6AE0B4CEE7}"
EndProject
Global
	GlobalSection(SolutionConfigurationPlatforms) = preSolution
		Debug|Any CPU = Debug|Any CPU
		Release|Any CPU = Release|Any CPU
	EndGlobalSection
	GlobalSection(ProjectConfigurationPlatforms) = postSolution
		{2369F62B-761E-4A39-ADBC-4D6AE0B4CEE7}.Debug|Any CPU.ActiveCfg = Debug|Any CPU
		{2369F62B-761E-4A39-ADBC-4D6AE0B4CEE7}.Debug|Any CPU.Build.0 = Debug|Any CPU
		{2369F62B-761E-4A39-ADBC-4D6AE0B4CEE7}.Release|Any CPU.ActiveCfg = Release|Any CPU
		{2369F62B-761E-4A39-ADBC-4D6AE0B4CEE7}.Release|Any CPU.Build.0 = Release|Any CPU
	EndGlobalSection
	GlobalSection(SolutionProperties) = preSolution
		HideSolutionNode = FALSE
	EndGlobalSection
	GlobalSection(ExtensibilityGlobals) = postSolution
		SolutionGuid = {1381AA11-CC53-4717-95CC-30940E23128D}
	EndGlobalSection
EndGlobal
