
Microsoft Visual Studio Solution File, Format Version 12.00
# Visual Studio Version 17
VisualStudioVersion = 17.0.31919.166
MinimumVisualStudioVersion = 10.0.40219.1
Project("{FAE04EC0-301F-11D3-BF4B-00C04F79EFBC}") = "CashbackEmpresa", "CashbackEmpresa\CashbackEmpresa.csproj", "{7CBDFF61-B503-4130-A2AC-F5788BFC7233}"
EndProject
Global
	GlobalSection(SolutionConfigurationPlatforms) = preSolution
		Debug|Any CPU = Debug|Any CPU
		Release|Any CPU = Release|Any CPU
	EndGlobalSection
	GlobalSection(ProjectConfigurationPlatforms) = postSolution
		{7CBDFF61-B503-4130-A2AC-F5788BFC7233}.Debug|Any CPU.ActiveCfg = Debug|Any CPU
		{7CBDFF61-B503-4130-A2AC-F5788BFC7233}.Debug|Any CPU.Build.0 = Debug|Any CPU
		{7CBDFF61-B503-4130-A2AC-F5788BFC7233}.Release|Any CPU.ActiveCfg = Release|Any CPU
		{7CBDFF61-B503-4130-A2AC-F5788BFC7233}.Release|Any CPU.Build.0 = Release|Any CPU
	EndGlobalSection
	GlobalSection(SolutionProperties) = preSolution
		HideSolutionNode = FALSE
	EndGlobalSection
	GlobalSection(ExtensibilityGlobals) = postSolution
		SolutionGuid = {F7C6978C-301C-43F8-A58D-8CA4BD00F5A9}
	EndGlobalSection
EndGlobal
