
Microsoft Visual Studio Solution File, Format Version 12.00
# Visual Studio Version 17
VisualStudioVersion = 17.0.32014.148
MinimumVisualStudioVersion = 10.0.40219.1
Project("{FAE04EC0-301F-11D3-BF4B-00C04F79EFBC}") = "vetorMediaAlunos", "vetorMediaAlunos\vetorMediaAlunos.csproj", "{CDBF88BA-F418-4C70-915F-3EE0C06C4CDD}"
EndProject
Global
	GlobalSection(SolutionConfigurationPlatforms) = preSolution
		Debug|Any CPU = Debug|Any CPU
		Release|Any CPU = Release|Any CPU
	EndGlobalSection
	GlobalSection(ProjectConfigurationPlatforms) = postSolution
		{CDBF88BA-F418-4C70-915F-3EE0C06C4CDD}.Debug|Any CPU.ActiveCfg = Debug|Any CPU
		{CDBF88BA-F418-4C70-915F-3EE0C06C4CDD}.Debug|Any CPU.Build.0 = Debug|Any CPU
		{CDBF88BA-F418-4C70-915F-3EE0C06C4CDD}.Release|Any CPU.ActiveCfg = Release|Any CPU
		{CDBF88BA-F418-4C70-915F-3EE0C06C4CDD}.Release|Any CPU.Build.0 = Release|Any CPU
	EndGlobalSection
	GlobalSection(SolutionProperties) = preSolution
		HideSolutionNode = FALSE
	EndGlobalSection
	GlobalSection(ExtensibilityGlobals) = postSolution
		SolutionGuid = {18238D68-A434-4AFD-B65B-89B80BBBDCD2}
	EndGlobalSection
EndGlobal
