
Microsoft Visual Studio Solution File, Format Version 12.00
# Visual Studio Version 17
VisualStudioVersion = 17.0.32014.148
MinimumVisualStudioVersion = 10.0.40219.1
Project("{FAE04EC0-301F-11D3-BF4B-00C04F79EFBC}") = "matrizSoma", "matrizSoma\matrizSoma.csproj", "{D3F0C3F2-B905-44F2-A361-F51E0373DDCA}"
EndProject
Global
	GlobalSection(SolutionConfigurationPlatforms) = preSolution
		Debug|Any CPU = Debug|Any CPU
		Release|Any CPU = Release|Any CPU
	EndGlobalSection
	GlobalSection(ProjectConfigurationPlatforms) = postSolution
		{D3F0C3F2-B905-44F2-A361-F51E0373DDCA}.Debug|Any CPU.ActiveCfg = Debug|Any CPU
		{D3F0C3F2-B905-44F2-A361-F51E0373DDCA}.Debug|Any CPU.Build.0 = Debug|Any CPU
		{D3F0C3F2-B905-44F2-A361-F51E0373DDCA}.Release|Any CPU.ActiveCfg = Release|Any CPU
		{D3F0C3F2-B905-44F2-A361-F51E0373DDCA}.Release|Any CPU.Build.0 = Release|Any CPU
	EndGlobalSection
	GlobalSection(SolutionProperties) = preSolution
		HideSolutionNode = FALSE
	EndGlobalSection
	GlobalSection(ExtensibilityGlobals) = postSolution
		SolutionGuid = {29546B34-D78F-48F4-AF1D-6CBA7EF904B5}
	EndGlobalSection
EndGlobal
