
Microsoft Visual Studio Solution File, Format Version 12.00
# Visual Studio Version 17
VisualStudioVersion = 17.0.32014.148
MinimumVisualStudioVersion = 10.0.40219.1
Project("{FAE04EC0-301F-11D3-BF4B-00C04F79EFBC}") = "aulaVetores", "aulaVetores\aulaVetores.csproj", "{A2713B84-60DD-40D5-882B-546B3A95002D}"
EndProject
Global
	GlobalSection(SolutionConfigurationPlatforms) = preSolution
		Debug|Any CPU = Debug|Any CPU
		Release|Any CPU = Release|Any CPU
	EndGlobalSection
	GlobalSection(ProjectConfigurationPlatforms) = postSolution
		{A2713B84-60DD-40D5-882B-546B3A95002D}.Debug|Any CPU.ActiveCfg = Debug|Any CPU
		{A2713B84-60DD-40D5-882B-546B3A95002D}.Debug|Any CPU.Build.0 = Debug|Any CPU
		{A2713B84-60DD-40D5-882B-546B3A95002D}.Release|Any CPU.ActiveCfg = Release|Any CPU
		{A2713B84-60DD-40D5-882B-546B3A95002D}.Release|Any CPU.Build.0 = Release|Any CPU
	EndGlobalSection
	GlobalSection(SolutionProperties) = preSolution
		HideSolutionNode = FALSE
	EndGlobalSection
	GlobalSection(ExtensibilityGlobals) = postSolution
		SolutionGuid = {1D7E1FEF-1AF7-43C6-A075-8C6028BFCADD}
	EndGlobalSection
EndGlobal
